# This file is automatically @generated by Cargo.
# It is not intended for manual editing.
version = 4

[[package]]
name = "ascii"
version = "1.1.0"
source = "registry+https://github.com/rust-lang/crates.io-index"
checksum = "d92bec98840b8f03a5ff5413de5293bfcd8bf96467cf5452609f939ec6f5de16"

[[package]]
name = "bitstream-io"
version = "4.9.0"
source = "registry+https://github.com/rust-lang/crates.io-index"
checksum = "60d4bd9d1db2c6bdf285e223a7fa369d5ce98ec767dec949c6ca62863ce61757"
dependencies = [
 "core2",
]

[[package]]
name = "core2"
version = "0.4.0"
source = "registry+https://github.com/rust-lang/crates.io-index"
checksum = "b49ba7ef1ad6107f8824dbe97de947cbaac53c44e7f9756a1fba0d37c1eec505"
dependencies = [
 "memchr",
]

[[package]]
name = "kmer"
version = "0.1.0"
dependencies = [
 "ascii",
 "bitstream-io",
]

[[package]]
name = "memchr"
version = "2.7.6"
source = "registry+https://github.com/rust-lang/crates.io-index"
checksum = "f52b00d39961fc5b2736ea853c9cc86238e165017a493d1d5c8eac6bdc4cc273"
